
Microsoft Visual Studio Solution File, Format Version 12.00
# Visual Studio Version 17
VisualStudioVersion = 17.14.36310.24 d17.14
MinimumVisualStudioVersion = 10.0.40219.1
Project("{8BC9CEB8-8B4A-11D0-8D11-00A0C91BC942}") = "CLRProgramming_MTRN3500", "CLRProgramming_MTRN3500\CLRProgramming_MTRN3500.vcxproj", "{7AFAA336-1520-673C-2B26-D7616C3CA476}"
EndProject
Project("{8BC9CEB8-8B4A-11D0-8D11-00A0C91BC942}") = "Files", "Files\Files.vcxproj", "{ACEE9F5E-53DF-0100-32C1-5A7F845D3480}"
EndProject
Project("{8BC9CEB8-8B4A-11D0-8D11-00A0C91BC942}") = "Events", "Events\Events.vcxproj", "{CEC15353-FDBD-8151-21B2-D3D0C65DFA44}"
EndProject
Project("{8BC9CEB8-8B4A-11D0-8D11-00A0C91BC942}") = "Threads", "Threads\Threads.vcxproj", "{259103DB-74DB-45A8-12C4-2E32EC03E027}"
EndProject
Global
	GlobalSection(SolutionConfigurationPlatforms) = preSolution
		Debug|x64 = Debug|x64
		Debug|x86 = Debug|x86
		Release|x64 = Release|x64
		Release|x86 = Release|x86
	EndGlobalSection
	GlobalSection(ProjectConfigurationPlatforms) = postSolution
		{7AFAA336-1520-673C-2B26-D7616C3CA476}.Debug|x64.ActiveCfg = Debug|x64
		{7AFAA336-1520-673C-2B26-D7616C3CA476}.Debug|x64.Build.0 = Debug|x64
		{7AFAA336-1520-673C-2B26-D7616C3CA476}.Debug|x86.ActiveCfg = Debug|Win32
		{7AFAA336-1520-673C-2B26-D7616C3CA476}.Debug|x86.Build.0 = Debug|Win32
		{7AFAA336-1520-673C-2B26-D7616C3CA476}.Release|x64.ActiveCfg = Release|x64
		{7AFAA336-1520-673C-2B26-D7616C3CA476}.Release|x64.Build.0 = Release|x64
		{7AFAA336-1520-673C-2B26-D7616C3CA476}.Release|x86.ActiveCfg = Release|Win32
		{7AFAA336-1520-673C-2B26-D7616C3CA476}.Release|x86.Build.0 = Release|Win32
		{ACEE9F5E-53DF-0100-32C1-5A7F845D3480}.Debug|x64.ActiveCfg = Debug|x64
		{ACEE9F5E-53DF-0100-32C1-5A7F845D3480}.Debug|x64.Build.0 = Debug|x64
		{ACEE9F5E-53DF-0100-32C1-5A7F845D3480}.Debug|x86.ActiveCfg = Debug|Win32
		{ACEE9F5E-53DF-0100-32C1-5A7F845D3480}.Debug|x86.Build.0 = Debug|Win32
		{ACEE9F5E-53DF-0100-32C1-5A7F845D3480}.Release|x64.ActiveCfg = Release|x64
		{ACEE9F5E-53DF-0100-32C1-5A7F845D3480}.Release|x64.Build.0 = Release|x64
		{ACEE9F5E-53DF-0100-32C1-5A7F845D3480}.Release|x86.ActiveCfg = Release|Win32
		{ACEE9F5E-53DF-0100-32C1-5A7F845D3480}.Release|x86.Build.0 = Release|Win32
		{CEC15353-FDBD-8151-21B2-D3D0C65DFA44}.Debug|x64.ActiveCfg = Debug|x64
		{CEC15353-FDBD-8151-21B2-D3D0C65DFA44}.Debug|x64.Build.0 = Debug|x64
		{CEC15353-FDBD-8151-21B2-D3D0C65DFA44}.Debug|x86.ActiveCfg = Debug|Win32
		{CEC15353-FDBD-8151-21B2-D3D0C65DFA44}.Debug|x86.Build.0 = Debug|Win32
		{CEC15353-FDBD-8151-21B2-D3D0C65DFA44}.Release|x64.ActiveCfg = Release|x64
		{CEC15353-FDBD-8151-21B2-D3D0C65DFA44}.Release|x64.Build.0 = Release|x64
		{CEC15353-FDBD-8151-21B2-D3D0C65DFA44}.Release|x86.ActiveCfg = Release|Win32
		{CEC15353-FDBD-8151-21B2-D3D0C65DFA44}.Release|x86.Build.0 = Release|Win32
		{259103DB-74DB-45A8-12C4-2E32EC03E027}.Debug|x64.ActiveCfg = Debug|x64
		{259103DB-74DB-45A8-12C4-2E32EC03E027}.Debug|x64.Build.0 = Debug|x64
		{259103DB-74DB-45A8-12C4-2E32EC03E027}.Debug|x86.ActiveCfg = Debug|Win32
		{259103DB-74DB-45A8-12C4-2E32EC03E027}.Debug|x86.Build.0 = Debug|Win32
		{259103DB-74DB-45A8-12C4-2E32EC03E027}.Release|x64.ActiveCfg = Release|x64
		{259103DB-74DB-45A8-12C4-2E32EC03E027}.Release|x64.Build.0 = Release|x64
		{259103DB-74DB-45A8-12C4-2E32EC03E027}.Release|x86.ActiveCfg = Release|Win32
		{259103DB-74DB-45A8-12C4-2E32EC03E027}.Release|x86.Build.0 = Release|Win32
	EndGlobalSection
	GlobalSection(SolutionProperties) = preSolution
		HideSolutionNode = FALSE
	EndGlobalSection
	GlobalSection(ExtensibilityGlobals) = postSolution
		SolutionGuid = {3BD1B02C-5F11-4976-8B1E-35D555C0BAA1}
	EndGlobalSection
EndGlobal
